
Microsoft Visual Studio Solution File, Format Version 12.00
# Visual Studio Version 17
VisualStudioVersion = 17.7.34031.279
MinimumVisualStudioVersion = 10.0.40219.1
Project("{2150E333-8FDC-42A3-9474-1A3956D46DE8}") = "Domain", "Domain", "{9E6494CC-B673-45E3-8C48-84BB368A899A}"
EndProject
Project("{2150E333-8FDC-42A3-9474-1A3956D46DE8}") = "Infraestructure", "Infraestructure", "{D149259A-FDB4-4F45-B736-A6292BFC0E60}"
EndProject
Project("{2150E333-8FDC-42A3-9474-1A3956D46DE8}") = "Application", "Application", "{958115C3-E7F7-4FC9-A8D9-D01AC7127EBA}"
EndProject
Project("{FAE04EC0-301F-11D3-BF4B-00C04F79EFBC}") = "SoccerApp.Domain", "src\SoccerApp.Domain\SoccerApp.Domain.csproj", "{6B40C0EC-19ED-4552-AD2D-5CCDA6EE5475}"
EndProject
Project("{FAE04EC0-301F-11D3-BF4B-00C04F79EFBC}") = "SoccerApp.Data", "src\SoccerApp.Data\SoccerApp.Data.csproj", "{0D58B534-FF66-43F1-9A4B-1730BFEEDF67}"
EndProject
Project("{FAE04EC0-301F-11D3-BF4B-00C04F79EFBC}") = "SoccerApp.Application", "src\SoccerApp.Application\SoccerApp.Application.csproj", "{6F5BA05E-9F2B-4F81-924A-DF1DF76FD075}"
EndProject
Project("{2150E333-8FDC-42A3-9474-1A3956D46DE8}") = "UI", "UI", "{85C8756A-E341-4BD5-BF91-7ECAF1DD380E}"
EndProject
Project("{FAE04EC0-301F-11D3-BF4B-00C04F79EFBC}") = "SoccerApp.WebApi", "src\SoccerApp.WebApi\SoccerApp.WebApi.csproj", "{148F62EE-5F58-4D70-AD45-9B302942D7B2}"
EndProject
Global
	GlobalSection(SolutionConfigurationPlatforms) = preSolution
		Debug|Any CPU = Debug|Any CPU
		Release|Any CPU = Release|Any CPU
	EndGlobalSection
	GlobalSection(ProjectConfigurationPlatforms) = postSolution
		{6B40C0EC-19ED-4552-AD2D-5CCDA6EE5475}.Debug|Any CPU.ActiveCfg = Debug|Any CPU
		{6B40C0EC-19ED-4552-AD2D-5CCDA6EE5475}.Debug|Any CPU.Build.0 = Debug|Any CPU
		{6B40C0EC-19ED-4552-AD2D-5CCDA6EE5475}.Release|Any CPU.ActiveCfg = Release|Any CPU
		{6B40C0EC-19ED-4552-AD2D-5CCDA6EE5475}.Release|Any CPU.Build.0 = Release|Any CPU
		{0D58B534-FF66-43F1-9A4B-1730BFEEDF67}.Debug|Any CPU.ActiveCfg = Debug|Any CPU
		{0D58B534-FF66-43F1-9A4B-1730BFEEDF67}.Debug|Any CPU.Build.0 = Debug|Any CPU
		{0D58B534-FF66-43F1-9A4B-1730BFEEDF67}.Release|Any CPU.ActiveCfg = Release|Any CPU
		{0D58B534-FF66-43F1-9A4B-1730BFEEDF67}.Release|Any CPU.Build.0 = Release|Any CPU
		{6F5BA05E-9F2B-4F81-924A-DF1DF76FD075}.Debug|Any CPU.ActiveCfg = Debug|Any CPU
		{6F5BA05E-9F2B-4F81-924A-DF1DF76FD075}.Debug|Any CPU.Build.0 = Debug|Any CPU
		{6F5BA05E-9F2B-4F81-924A-DF1DF76FD075}.Release|Any CPU.ActiveCfg = Release|Any CPU
		{6F5BA05E-9F2B-4F81-924A-DF1DF76FD075}.Release|Any CPU.Build.0 = Release|Any CPU
		{148F62EE-5F58-4D70-AD45-9B302942D7B2}.Debug|Any CPU.ActiveCfg = Debug|Any CPU
		{148F62EE-5F58-4D70-AD45-9B302942D7B2}.Debug|Any CPU.Build.0 = Debug|Any CPU
		{148F62EE-5F58-4D70-AD45-9B302942D7B2}.Release|Any CPU.ActiveCfg = Release|Any CPU
		{148F62EE-5F58-4D70-AD45-9B302942D7B2}.Release|Any CPU.Build.0 = Release|Any CPU
	EndGlobalSection
	GlobalSection(SolutionProperties) = preSolution
		HideSolutionNode = FALSE
	EndGlobalSection
	GlobalSection(NestedProjects) = preSolution
		{6B40C0EC-19ED-4552-AD2D-5CCDA6EE5475} = {9E6494CC-B673-45E3-8C48-84BB368A899A}
		{0D58B534-FF66-43F1-9A4B-1730BFEEDF67} = {D149259A-FDB4-4F45-B736-A6292BFC0E60}
		{6F5BA05E-9F2B-4F81-924A-DF1DF76FD075} = {958115C3-E7F7-4FC9-A8D9-D01AC7127EBA}
		{148F62EE-5F58-4D70-AD45-9B302942D7B2} = {85C8756A-E341-4BD5-BF91-7ECAF1DD380E}
	EndGlobalSection
	GlobalSection(ExtensibilityGlobals) = postSolution
		SolutionGuid = {D2399597-7244-4B11-B74B-A6C1118925BA}
	EndGlobalSection
EndGlobal
